
Microsoft Visual Studio Solution File, Format Version 12.00
# Visual Studio 15
VisualStudioVersion = 15.0.28010.2046
MinimumVisualStudioVersion = 10.0.40219.1
Project("{FAE04EC0-301F-11D3-BF4B-00C04F79EFBC}") = "color-mile2", "color-mile2\color-mile2.csproj", "{EFDEF367-2A52-45CA-9C83-6E0749D9DDDA}"
EndProject
Global
	GlobalSection(SolutionConfigurationPlatforms) = preSolution
		Debug|Any CPU = Debug|Any CPU
		Release|Any CPU = Release|Any CPU
	EndGlobalSection
	GlobalSection(ProjectConfigurationPlatforms) = postSolution
		{EFDEF367-2A52-45CA-9C83-6E0749D9DDDA}.Debug|Any CPU.ActiveCfg = Debug|Any CPU
		{EFDEF367-2A52-45CA-9C83-6E0749D9DDDA}.Debug|Any CPU.Build.0 = Debug|Any CPU
		{EFDEF367-2A52-45CA-9C83-6E0749D9DDDA}.Release|Any CPU.ActiveCfg = Release|Any CPU
		{EFDEF367-2A52-45CA-9C83-6E0749D9DDDA}.Release|Any CPU.Build.0 = Release|Any CPU
	EndGlobalSection
	GlobalSection(SolutionProperties) = preSolution
		HideSolutionNode = FALSE
	EndGlobalSection
	GlobalSection(ExtensibilityGlobals) = postSolution
		SolutionGuid = {50172848-AA5F-4444-97CC-CD02B8400EE1}
	EndGlobalSection
EndGlobal
